// !$*UTF8*$!
{
	archiveVersion = 1;
	classes = {
	};
	objectVersion = 50;
	objects = {

/* Begin PBXBuildFile section */
		B733CE7A256EC3910013E8D1 /* AppDelegate.swift in Sources */ = {isa = PBXBuildFile; fileRef = B733CE79256EC3910013E8D1 /* AppDelegate.swift */; };
		B733CE7C256EC3910013E8D1 /* GameViewController.swift in Sources */ = {isa = PBXBuildFile; fileRef = B733CE7B256EC3910013E8D1 /* GameViewController.swift */; };
		B733CE83256EC3930013E8D1 /* Assets.xcassets in Resources */ = {isa = PBXBuildFile; fileRef = B733CE82256EC3930013E8D1 /* Assets.xcassets */; };
		B733CE86256EC3930013E8D1 /* Main.storyboard in Resources */ = {isa = PBXBuildFile; fileRef = B733CE84256EC3930013E8D1 /* Main.storyboard */; };
		B733CE92256EC3930013E8D1 /* SwiftBoyTests.swift in Sources */ = {isa = PBXBuildFile; fileRef = B733CE91256EC3930013E8D1 /* SwiftBoyTests.swift */; };
		B733CEB7256ECFCF0013E8D1 /* UInt16+Bytes.swift in Sources */ = {isa = PBXBuildFile; fileRef = B733CEB6256ECFCF0013E8D1 /* UInt16+Bytes.swift */; };
		B733CEBF256ECFFF0013E8D1 /* UInt16+BytesTests.swift in Sources */ = {isa = PBXBuildFile; fileRef = B733CEBE256ECFFF0013E8D1 /* UInt16+BytesTests.swift */; };
		B733CEC425704F370013E8D1 /* UInt+Bits.swift in Sources */ = {isa = PBXBuildFile; fileRef = B733CEC325704F370013E8D1 /* UInt+Bits.swift */; };
		B733CEC9257050680013E8D1 /* UInt+BitsTests.swift in Sources */ = {isa = PBXBuildFile; fileRef = B733CEC8257050680013E8D1 /* UInt+BitsTests.swift */; };
		B733CEDC257141000013E8D1 /* CPU.swift in Sources */ = {isa = PBXBuildFile; fileRef = B733CEAE256EC45F0013E8D1 /* CPU.swift */; };
		B733CEE425726A350013E8D1 /* Instruction.swift in Sources */ = {isa = PBXBuildFile; fileRef = B733CEE325726A350013E8D1 /* Instruction.swift */; };
		B733CEE92572BC600013E8D1 /* Instruction+Extended.swift in Sources */ = {isa = PBXBuildFile; fileRef = B733CEE82572BC600013E8D1 /* Instruction+Extended.swift */; };
		B733CEF62572C9350013E8D1 /* RAM.swift in Sources */ = {isa = PBXBuildFile; fileRef = B733CEF52572C9350013E8D1 /* RAM.swift */; };
		B733CEFB2572C9D90013E8D1 /* Bool+Int.swift in Sources */ = {isa = PBXBuildFile; fileRef = B733CEFA2572C9D90013E8D1 /* Bool+Int.swift */; };
		B733CF002572CCFA0013E8D1 /* CPU+ALU.swift in Sources */ = {isa = PBXBuildFile; fileRef = B733CEFF2572CCFA0013E8D1 /* CPU+ALU.swift */; };
		B733CF082572CD360013E8D1 /* CPU+ALUTests.swift in Sources */ = {isa = PBXBuildFile; fileRef = B733CF072572CD360013E8D1 /* CPU+ALUTests.swift */; };
		B733CF0D2572F4E90013E8D1 /* MMU.swift in Sources */ = {isa = PBXBuildFile; fileRef = B733CF0C2572F4E90013E8D1 /* MMU.swift */; };
		B733CF202573A3E10013E8D1 /* ScreenView.swift in Sources */ = {isa = PBXBuildFile; fileRef = B733CF1F2573A3E10013E8D1 /* ScreenView.swift */; };
		B7387318257D21CC00C4CAC8 /* tetris.gb in Resources */ = {isa = PBXBuildFile; fileRef = B7387314257D218300C4CAC8 /* tetris.gb */; };
		B738731D257D5E8300C4CAC8 /* cpu_bits.gb in Resources */ = {isa = PBXBuildFile; fileRef = B738731C257D5E8300C4CAC8 /* cpu_bits.gb */; };
		B7FE880D2573EC7A00695D33 /* ROM.swift in Sources */ = {isa = PBXBuildFile; fileRef = B7FE880C2573EC7A00695D33 /* ROM.swift */; };
		B7FE88142573F2D400695D33 /* boot.gb in Resources */ = {isa = PBXBuildFile; fileRef = B7FE880B2573EC5100695D33 /* boot.gb */; };
		B7FE88192574E48300695D33 /* UInt8+Bool.swift in Sources */ = {isa = PBXBuildFile; fileRef = B7FE88182574E48300695D33 /* UInt8+Bool.swift */; };
		B7FE881E2574EF2F00695D33 /* Joypad.swift in Sources */ = {isa = PBXBuildFile; fileRef = B7FE881D2574EF2F00695D33 /* Joypad.swift */; };
		B7FE88232574EF4A00695D33 /* MemoryTypes.swift in Sources */ = {isa = PBXBuildFile; fileRef = B7FE88222574EF4A00695D33 /* MemoryTypes.swift */; };
		B7FE882F25752DAE00695D33 /* IO.swift in Sources */ = {isa = PBXBuildFile; fileRef = B7FE882E25752DAE00695D33 /* IO.swift */; };
		B7FE883925762B4000695D33 /* PPU.swift in Sources */ = {isa = PBXBuildFile; fileRef = B7FE883825762B3F00695D33 /* PPU.swift */; };
		B7FE884D2577739600695D33 /* Device.swift in Sources */ = {isa = PBXBuildFile; fileRef = B7FE884C2577739600695D33 /* Device.swift */; };
		B7FE885D257B7B0100695D33 /* Stopwatch.swift in Sources */ = {isa = PBXBuildFile; fileRef = B7FE885C257B7B0100695D33 /* Stopwatch.swift */; };
		B7FE8862257B873600695D33 /* CircularBuffer.swift in Sources */ = {isa = PBXBuildFile; fileRef = B7FE8861257B873600695D33 /* CircularBuffer.swift */; };
		B7FE8867257B893800695D33 /* CircularBufferTests.swift in Sources */ = {isa = PBXBuildFile; fileRef = B7FE8866257B893800695D33 /* CircularBufferTests.swift */; };
		B7FE886D257CCAC300695D33 /* TileFetcher.swift in Sources */ = {isa = PBXBuildFile; fileRef = B7FE886C257CCAC300695D33 /* TileFetcher.swift */; };
		B7FE8875257CCAE600695D33 /* Pixel.swift in Sources */ = {isa = PBXBuildFile; fileRef = B7FE8874257CCAE600695D33 /* Pixel.swift */; };
		D91DEAFA257F7AC500590CD5 /* Debugger.swift in Sources */ = {isa = PBXBuildFile; fileRef = D91DEAF9257F7AC500590CD5 /* Debugger.swift */; };
		D91DEAFF2580EDA400590CD5 /* UInt16+String.swift in Sources */ = {isa = PBXBuildFile; fileRef = D91DEAFE2580EDA400590CD5 /* UInt16+String.swift */; };
		D91DEB042580EDDE00590CD5 /* UInt8+String.swift in Sources */ = {isa = PBXBuildFile; fileRef = D91DEB032580EDDE00590CD5 /* UInt8+String.swift */; };
		D91DEB092580F21300590CD5 /* DebuggerViewController.swift in Sources */ = {isa = PBXBuildFile; fileRef = D91DEB082580F21300590CD5 /* DebuggerViewController.swift */; };
		D9723A182583DC2E00AFB3CF /* cpu_int.gb in Resources */ = {isa = PBXBuildFile; fileRef = D9723A152583DC2E00AFB3CF /* cpu_int.gb */; };
		D9723A192583DC2E00AFB3CF /* cpu_op-sp-hl.gb in Resources */ = {isa = PBXBuildFile; fileRef = D9723A162583DC2E00AFB3CF /* cpu_op-sp-hl.gb */; };
		D9723A1A2583DC2E00AFB3CF /* cpu_special.gb in Resources */ = {isa = PBXBuildFile; fileRef = D9723A172583DC2E00AFB3CF /* cpu_special.gb */; };
		D9723A2425862FDA00AFB3CF /* Opcodes.json in Resources */ = {isa = PBXBuildFile; fileRef = D9723A2325862FDA00AFB3CF /* Opcodes.json */; };
		D9723A2C2586300400AFB3CF /* OpcodesTests.swift in Sources */ = {isa = PBXBuildFile; fileRef = D9723A2B2586300400AFB3CF /* OpcodesTests.swift */; };
/* End PBXBuildFile section */

/* Begin PBXContainerItemProxy section */
		B733CE8E256EC3930013E8D1 /* PBXContainerItemProxy */ = {
			isa = PBXContainerItemProxy;
			containerPortal = B733CE6E256EC3900013E8D1 /* Project object */;
			proxyType = 1;
			remoteGlobalIDString = B733CE75256EC3900013E8D1;
			remoteInfo = SwiftBoy;
		};
		B733CE99256EC3930013E8D1 /* PBXContainerItemProxy */ = {
			isa = PBXContainerItemProxy;
			containerPortal = B733CE6E256EC3900013E8D1 /* Project object */;
			proxyType = 1;
			remoteGlobalIDString = B733CE75256EC3900013E8D1;
			remoteInfo = SwiftBoy;
		};
/* End PBXContainerItemProxy section */

/* Begin PBXFileReference section */
		B733CE76256EC3910013E8D1 /* SwiftBoy.app */ = {isa = PBXFileReference; explicitFileType = wrapper.application; includeInIndex = 0; path = SwiftBoy.app; sourceTree = BUILT_PRODUCTS_DIR; };
		B733CE79256EC3910013E8D1 /* AppDelegate.swift */ = {isa = PBXFileReference; lastKnownFileType = sourcecode.swift; path = AppDelegate.swift; sourceTree = "<group>"; };
		B733CE7B256EC3910013E8D1 /* GameViewController.swift */ = {isa = PBXFileReference; lastKnownFileType = sourcecode.swift; path = GameViewController.swift; sourceTree = "<group>"; };
		B733CE82256EC3930013E8D1 /* Assets.xcassets */ = {isa = PBXFileReference; lastKnownFileType = folder.assetcatalog; path = Assets.xcassets; sourceTree = "<group>"; };
		B733CE85256EC3930013E8D1 /* Base */ = {isa = PBXFileReference; lastKnownFileType = file.storyboard; name = Base; path = Base.lproj/Main.storyboard; sourceTree = "<group>"; };
		B733CE87256EC3930013E8D1 /* Info.plist */ = {isa = PBXFileReference; lastKnownFileType = text.plist.xml; path = Info.plist; sourceTree = "<group>"; };
		B733CE88256EC3930013E8D1 /* SwiftBoy.entitlements */ = {isa = PBXFileReference; lastKnownFileType = text.plist.entitlements; path = SwiftBoy.entitlements; sourceTree = "<group>"; };
		B733CE8D256EC3930013E8D1 /* SwiftBoyTests.xctest */ = {isa = PBXFileReference; explicitFileType = wrapper.cfbundle; includeInIndex = 0; path = SwiftBoyTests.xctest; sourceTree = BUILT_PRODUCTS_DIR; };
		B733CE91256EC3930013E8D1 /* SwiftBoyTests.swift */ = {isa = PBXFileReference; lastKnownFileType = sourcecode.swift; path = SwiftBoyTests.swift; sourceTree = "<group>"; };
		B733CE93256EC3930013E8D1 /* Info.plist */ = {isa = PBXFileReference; lastKnownFileType = text.plist.xml; path = Info.plist; sourceTree = "<group>"; };
		B733CE98256EC3930013E8D1 /* SwiftBoyUITests.xctest */ = {isa = PBXFileReference; explicitFileType = wrapper.cfbundle; includeInIndex = 0; path = SwiftBoyUITests.xctest; sourceTree = BUILT_PRODUCTS_DIR; };
		B733CEAE256EC45F0013E8D1 /* CPU.swift */ = {isa = PBXFileReference; lastKnownFileType = sourcecode.swift; path = CPU.swift; sourceTree = "<group>"; };
		B733CEB6256ECFCF0013E8D1 /* UInt16+Bytes.swift */ = {isa = PBXFileReference; lastKnownFileType = sourcecode.swift; path = "UInt16+Bytes.swift"; sourceTree = "<group>"; };
		B733CEBE256ECFFF0013E8D1 /* UInt16+BytesTests.swift */ = {isa = PBXFileReference; lastKnownFileType = sourcecode.swift; path = "UInt16+BytesTests.swift"; sourceTree = "<group>"; };
		B733CEC325704F370013E8D1 /* UInt+Bits.swift */ = {isa = PBXFileReference; lastKnownFileType = sourcecode.swift; path = "UInt+Bits.swift"; sourceTree = "<group>"; };
		B733CEC8257050680013E8D1 /* UInt+BitsTests.swift */ = {isa = PBXFileReference; lastKnownFileType = sourcecode.swift; path = "UInt+BitsTests.swift"; sourceTree = "<group>"; };
		B733CEE325726A350013E8D1 /* Instruction.swift */ = {isa = PBXFileReference; lastKnownFileType = sourcecode.swift; path = Instruction.swift; sourceTree = "<group>"; };
		B733CEE82572BC600013E8D1 /* Instruction+Extended.swift */ = {isa = PBXFileReference; fileEncoding = 4; lastKnownFileType = sourcecode.swift; path = "Instruction+Extended.swift"; sourceTree = "<group>"; };
		B733CEED2572C9000013E8D1 /* Scripts */ = {isa = PBXFileReference; lastKnownFileType = folder; path = Scripts; sourceTree = "<group>"; };
		B733CEF52572C9350013E8D1 /* RAM.swift */ = {isa = PBXFileReference; lastKnownFileType = sourcecode.swift; path = RAM.swift; sourceTree = "<group>"; };
		B733CEFA2572C9D90013E8D1 /* Bool+Int.swift */ = {isa = PBXFileReference; lastKnownFileType = sourcecode.swift; path = "Bool+Int.swift"; sourceTree = "<group>"; };
		B733CEFF2572CCFA0013E8D1 /* CPU+ALU.swift */ = {isa = PBXFileReference; lastKnownFileType = sourcecode.swift; path = "CPU+ALU.swift"; sourceTree = "<group>"; };
		B733CF072572CD360013E8D1 /* CPU+ALUTests.swift */ = {isa = PBXFileReference; lastKnownFileType = sourcecode.swift; path = "CPU+ALUTests.swift"; sourceTree = "<group>"; };
		B733CF0C2572F4E90013E8D1 /* MMU.swift */ = {isa = PBXFileReference; lastKnownFileType = sourcecode.swift; path = MMU.swift; sourceTree = "<group>"; };
		B733CF1F2573A3E10013E8D1 /* ScreenView.swift */ = {isa = PBXFileReference; lastKnownFileType = sourcecode.swift; path = ScreenView.swift; sourceTree = "<group>"; };
		B7387314257D218300C4CAC8 /* tetris.gb */ = {isa = PBXFileReference; lastKnownFileType = file; path = tetris.gb; sourceTree = "<group>"; };
		B738731C257D5E8300C4CAC8 /* cpu_bits.gb */ = {isa = PBXFileReference; lastKnownFileType = file; path = cpu_bits.gb; sourceTree = "<group>"; };
		B7FE880B2573EC5100695D33 /* boot.gb */ = {isa = PBXFileReference; lastKnownFileType = file; path = boot.gb; sourceTree = "<group>"; };
		B7FE880C2573EC7A00695D33 /* ROM.swift */ = {isa = PBXFileReference; lastKnownFileType = sourcecode.swift; path = ROM.swift; sourceTree = "<group>"; };
		B7FE88182574E48300695D33 /* UInt8+Bool.swift */ = {isa = PBXFileReference; lastKnownFileType = sourcecode.swift; path = "UInt8+Bool.swift"; sourceTree = "<group>"; };
		B7FE881D2574EF2F00695D33 /* Joypad.swift */ = {isa = PBXFileReference; lastKnownFileType = sourcecode.swift; path = Joypad.swift; sourceTree = "<group>"; };
		B7FE88222574EF4A00695D33 /* MemoryTypes.swift */ = {isa = PBXFileReference; lastKnownFileType = sourcecode.swift; path = MemoryTypes.swift; sourceTree = "<group>"; };
		B7FE882E25752DAE00695D33 /* IO.swift */ = {isa = PBXFileReference; lastKnownFileType = sourcecode.swift; path = IO.swift; sourceTree = "<group>"; };
		B7FE883825762B3F00695D33 /* PPU.swift */ = {isa = PBXFileReference; lastKnownFileType = sourcecode.swift; path = PPU.swift; sourceTree = "<group>"; };
		B7FE884C2577739600695D33 /* Device.swift */ = {isa = PBXFileReference; lastKnownFileType = sourcecode.swift; path = Device.swift; sourceTree = "<group>"; };
		B7FE885C257B7B0100695D33 /* Stopwatch.swift */ = {isa = PBXFileReference; lastKnownFileType = sourcecode.swift; path = Stopwatch.swift; sourceTree = "<group>"; };
		B7FE8861257B873600695D33 /* CircularBuffer.swift */ = {isa = PBXFileReference; lastKnownFileType = sourcecode.swift; path = CircularBuffer.swift; sourceTree = "<group>"; };
		B7FE8866257B893800695D33 /* CircularBufferTests.swift */ = {isa = PBXFileReference; lastKnownFileType = sourcecode.swift; path = CircularBufferTests.swift; sourceTree = "<group>"; };
		B7FE886C257CCAC300695D33 /* TileFetcher.swift */ = {isa = PBXFileReference; lastKnownFileType = sourcecode.swift; path = TileFetcher.swift; sourceTree = "<group>"; };
		B7FE8874257CCAE600695D33 /* Pixel.swift */ = {isa = PBXFileReference; lastKnownFileType = sourcecode.swift; path = Pixel.swift; sourceTree = "<group>"; };
		D91DEAF9257F7AC500590CD5 /* Debugger.swift */ = {isa = PBXFileReference; lastKnownFileType = sourcecode.swift; path = Debugger.swift; sourceTree = "<group>"; };
		D91DEAFE2580EDA400590CD5 /* UInt16+String.swift */ = {isa = PBXFileReference; lastKnownFileType = sourcecode.swift; path = "UInt16+String.swift"; sourceTree = "<group>"; };
		D91DEB032580EDDE00590CD5 /* UInt8+String.swift */ = {isa = PBXFileReference; lastKnownFileType = sourcecode.swift; path = "UInt8+String.swift"; sourceTree = "<group>"; };
		D91DEB082580F21300590CD5 /* DebuggerViewController.swift */ = {isa = PBXFileReference; lastKnownFileType = sourcecode.swift; path = DebuggerViewController.swift; sourceTree = "<group>"; };
		D9723A152583DC2E00AFB3CF /* cpu_int.gb */ = {isa = PBXFileReference; lastKnownFileType = file; path = cpu_int.gb; sourceTree = "<group>"; };
		D9723A162583DC2E00AFB3CF /* cpu_op-sp-hl.gb */ = {isa = PBXFileReference; lastKnownFileType = file; path = "cpu_op-sp-hl.gb"; sourceTree = "<group>"; };
		D9723A172583DC2E00AFB3CF /* cpu_special.gb */ = {isa = PBXFileReference; lastKnownFileType = file; path = cpu_special.gb; sourceTree = "<group>"; };
		D9723A2325862FDA00AFB3CF /* Opcodes.json */ = {isa = PBXFileReference; fileEncoding = 4; lastKnownFileType = text.json; path = Opcodes.json; sourceTree = "<group>"; };
		D9723A2B2586300400AFB3CF /* OpcodesTests.swift */ = {isa = PBXFileReference; lastKnownFileType = sourcecode.swift; path = OpcodesTests.swift; sourceTree = "<group>"; };
/* End PBXFileReference section */

/* Begin PBXFrameworksBuildPhase section */
		B733CE73256EC3900013E8D1 /* Frameworks */ = {
			isa = PBXFrameworksBuildPhase;
			buildActionMask = 2147483647;
			files = (
			);
			runOnlyForDeploymentPostprocessing = 0;
		};
		B733CE8A256EC3930013E8D1 /* Frameworks */ = {
			isa = PBXFrameworksBuildPhase;
			buildActionMask = 2147483647;
			files = (
			);
			runOnlyForDeploymentPostprocessing = 0;
		};
		B733CE95256EC3930013E8D1 /* Frameworks */ = {
			isa = PBXFrameworksBuildPhase;
			buildActionMask = 2147483647;
			files = (
			);
			runOnlyForDeploymentPostprocessing = 0;
		};
/* End PBXFrameworksBuildPhase section */

/* Begin PBXGroup section */
		B733CE6D256EC3900013E8D1 = {
			isa = PBXGroup;
			children = (
				B7FE880A2573EC4500695D33 /* Data */,
				B733CE78256EC3910013E8D1 /* SwiftBoy */,
				B733CE90256EC3930013E8D1 /* SwiftBoyTests */,
				B733CEED2572C9000013E8D1 /* Scripts */,
				B733CE77256EC3910013E8D1 /* Products */,
			);
			sourceTree = "<group>";
		};
		B733CE77256EC3910013E8D1 /* Products */ = {
			isa = PBXGroup;
			children = (
				B733CE76256EC3910013E8D1 /* SwiftBoy.app */,
				B733CE8D256EC3930013E8D1 /* SwiftBoyTests.xctest */,
				B733CE98256EC3930013E8D1 /* SwiftBoyUITests.xctest */,
			);
			name = Products;
			sourceTree = "<group>";
		};
		B733CE78256EC3910013E8D1 /* SwiftBoy */ = {
			isa = PBXGroup;
			children = (
				B733CEAD256EC4540013E8D1 /* Engine */,
				B733CE79256EC3910013E8D1 /* AppDelegate.swift */,
				B733CE7B256EC3910013E8D1 /* GameViewController.swift */,
				B733CF1F2573A3E10013E8D1 /* ScreenView.swift */,
				B733CE82256EC3930013E8D1 /* Assets.xcassets */,
				B733CE84256EC3930013E8D1 /* Main.storyboard */,
				B733CE87256EC3930013E8D1 /* Info.plist */,
				B733CE88256EC3930013E8D1 /* SwiftBoy.entitlements */,
				B7FE88222574EF4A00695D33 /* MemoryTypes.swift */,
				D91DEAF9257F7AC500590CD5 /* Debugger.swift */,
				D91DEB082580F21300590CD5 /* DebuggerViewController.swift */,
			);
			path = SwiftBoy;
			sourceTree = "<group>";
		};
		B733CE90256EC3930013E8D1 /* SwiftBoyTests */ = {
			isa = PBXGroup;
			children = (
				D9723A2225862FD200AFB3CF /* Fixtures */,
				B733CE91256EC3930013E8D1 /* SwiftBoyTests.swift */,
				B733CE93256EC3930013E8D1 /* Info.plist */,
				B733CEBE256ECFFF0013E8D1 /* UInt16+BytesTests.swift */,
				B733CEC8257050680013E8D1 /* UInt+BitsTests.swift */,
				B733CF072572CD360013E8D1 /* CPU+ALUTests.swift */,
				B7FE8866257B893800695D33 /* CircularBufferTests.swift */,
				D9723A2B2586300400AFB3CF /* OpcodesTests.swift */,
			);
			path = SwiftBoyTests;
			sourceTree = "<group>";
		};
		B733CEAD256EC4540013E8D1 /* Engine */ = {
			isa = PBXGroup;
			children = (
				B7FE886B257CCAB300695D33 /* PPU */,
				B7FE882A2574F54200695D33 /* BitConvenience */,
				B733CEAE256EC45F0013E8D1 /* CPU.swift */,
				B733CEFF2572CCFA0013E8D1 /* CPU+ALU.swift */,
				B733CEE325726A350013E8D1 /* Instruction.swift */,
				B733CEE82572BC600013E8D1 /* Instruction+Extended.swift */,
				B733CEF52572C9350013E8D1 /* RAM.swift */,
				B7FE880C2573EC7A00695D33 /* ROM.swift */,
				B733CF0C2572F4E90013E8D1 /* MMU.swift */,
				B7FE881D2574EF2F00695D33 /* Joypad.swift */,
				B7FE882E25752DAE00695D33 /* IO.swift */,
				B7FE884C2577739600695D33 /* Device.swift */,
				B7FE885C257B7B0100695D33 /* Stopwatch.swift */,
				B7FE8861257B873600695D33 /* CircularBuffer.swift */,
			);
			path = Engine;
			sourceTree = "<group>";
		};
		B7FE880A2573EC4500695D33 /* Data */ = {
			isa = PBXGroup;
			children = (
				D9723A1E2583DC3D00AFB3CF /* Test */,
				B7FE880B2573EC5100695D33 /* boot.gb */,
				B7387314257D218300C4CAC8 /* tetris.gb */,
			);
			path = Data;
			sourceTree = "<group>";
		};
		B7FE882A2574F54200695D33 /* BitConvenience */ = {
			isa = PBXGroup;
			children = (
				B733CEFA2572C9D90013E8D1 /* Bool+Int.swift */,
				B733CEB6256ECFCF0013E8D1 /* UInt16+Bytes.swift */,
				B733CEC325704F370013E8D1 /* UInt+Bits.swift */,
				B7FE88182574E48300695D33 /* UInt8+Bool.swift */,
				D91DEAFE2580EDA400590CD5 /* UInt16+String.swift */,
				D91DEB032580EDDE00590CD5 /* UInt8+String.swift */,
			);
			path = BitConvenience;
			sourceTree = "<group>";
		};
		B7FE886B257CCAB300695D33 /* PPU */ = {
			isa = PBXGroup;
			children = (
				B7FE883825762B3F00695D33 /* PPU.swift */,
				B7FE886C257CCAC300695D33 /* TileFetcher.swift */,
				B7FE8874257CCAE600695D33 /* Pixel.swift */,
			);
			path = PPU;
			sourceTree = "<group>";
		};
		D9723A1E2583DC3D00AFB3CF /* Test */ = {
			isa = PBXGroup;
			children = (
				D9723A172583DC2E00AFB3CF /* cpu_special.gb */,
				B738731C257D5E8300C4CAC8 /* cpu_bits.gb */,
				D9723A152583DC2E00AFB3CF /* cpu_int.gb */,
				D9723A162583DC2E00AFB3CF /* cpu_op-sp-hl.gb */,
			);
			path = Test;
			sourceTree = "<group>";
		};
		D9723A2225862FD200AFB3CF /* Fixtures */ = {
			isa = PBXGroup;
			children = (
				D9723A2325862FDA00AFB3CF /* Opcodes.json */,
			);
			path = Fixtures;
			sourceTree = "<group>";
		};
/* End PBXGroup section */

/* Begin PBXNativeTarget section */
		B733CE75256EC3900013E8D1 /* SwiftBoy */ = {
			isa = PBXNativeTarget;
			buildConfigurationList = B733CEA1256EC3930013E8D1 /* Build configuration list for PBXNativeTarget "SwiftBoy" */;
			buildPhases = (
				B7FE884025764A4B00695D33 /* Generate ALU Instructions */,
				B733CE72256EC3900013E8D1 /* Sources */,
				B733CE73256EC3900013E8D1 /* Frameworks */,
				B733CE74256EC3900013E8D1 /* Resources */,
			);
			buildRules = (
			);
			dependencies = (
			);
			name = SwiftBoy;
			productName = SwiftBoy;
			productReference = B733CE76256EC3910013E8D1 /* SwiftBoy.app */;
			productType = "com.apple.product-type.application";
		};
		B733CE8C256EC3930013E8D1 /* SwiftBoyTests */ = {
			isa = PBXNativeTarget;
			buildConfigurationList = B733CEA4256EC3930013E8D1 /* Build configuration list for PBXNativeTarget "SwiftBoyTests" */;
			buildPhases = (
				B733CE89256EC3930013E8D1 /* Sources */,
				B733CE8A256EC3930013E8D1 /* Frameworks */,
				B733CE8B256EC3930013E8D1 /* Resources */,
			);
			buildRules = (
			);
			dependencies = (
				B733CE8F256EC3930013E8D1 /* PBXTargetDependency */,
			);
			name = SwiftBoyTests;
			productName = SwiftBoyTests;
			productReference = B733CE8D256EC3930013E8D1 /* SwiftBoyTests.xctest */;
			productType = "com.apple.product-type.bundle.unit-test";
		};
		B733CE97256EC3930013E8D1 /* SwiftBoyUITests */ = {
			isa = PBXNativeTarget;
			buildConfigurationList = B733CEA7256EC3930013E8D1 /* Build configuration list for PBXNativeTarget "SwiftBoyUITests" */;
			buildPhases = (
				B733CE94256EC3930013E8D1 /* Sources */,
				B733CE95256EC3930013E8D1 /* Frameworks */,
				B733CE96256EC3930013E8D1 /* Resources */,
			);
			buildRules = (
			);
			dependencies = (
				B733CE9A256EC3930013E8D1 /* PBXTargetDependency */,
			);
			name = SwiftBoyUITests;
			productName = SwiftBoyUITests;
			productReference = B733CE98256EC3930013E8D1 /* SwiftBoyUITests.xctest */;
			productType = "com.apple.product-type.bundle.ui-testing";
		};
/* End PBXNativeTarget section */

/* Begin PBXProject section */
		B733CE6E256EC3900013E8D1 /* Project object */ = {
			isa = PBXProject;
			attributes = {
				LastSwiftUpdateCheck = 1200;
				LastUpgradeCheck = 1200;
				TargetAttributes = {
					B733CE75256EC3900013E8D1 = {
						CreatedOnToolsVersion = 12.0;
					};
					B733CE8C256EC3930013E8D1 = {
						CreatedOnToolsVersion = 12.0;
						TestTargetID = B733CE75256EC3900013E8D1;
					};
					B733CE97256EC3930013E8D1 = {
						CreatedOnToolsVersion = 12.0;
						TestTargetID = B733CE75256EC3900013E8D1;
					};
				};
			};
			buildConfigurationList = B733CE71256EC3900013E8D1 /* Build configuration list for PBXProject "SwiftBoy" */;
			compatibilityVersion = "Xcode 9.3";
			developmentRegion = en;
			hasScannedForEncodings = 0;
			knownRegions = (
				en,
				Base,
			);
			mainGroup = B733CE6D256EC3900013E8D1;
			productRefGroup = B733CE77256EC3910013E8D1 /* Products */;
			projectDirPath = "";
			projectRoot = "";
			targets = (
				B733CE75256EC3900013E8D1 /* SwiftBoy */,
				B733CE8C256EC3930013E8D1 /* SwiftBoyTests */,
				B733CE97256EC3930013E8D1 /* SwiftBoyUITests */,
			);
		};
/* End PBXProject section */

/* Begin PBXResourcesBuildPhase section */
		B733CE74256EC3900013E8D1 /* Resources */ = {
			isa = PBXResourcesBuildPhase;
			buildActionMask = 2147483647;
			files = (
				B7FE88142573F2D400695D33 /* boot.gb in Resources */,
				B738731D257D5E8300C4CAC8 /* cpu_bits.gb in Resources */,
				B733CE83256EC3930013E8D1 /* Assets.xcassets in Resources */,
				D9723A1A2583DC2E00AFB3CF /* cpu_special.gb in Resources */,
				B733CE86256EC3930013E8D1 /* Main.storyboard in Resources */,
				D9723A182583DC2E00AFB3CF /* cpu_int.gb in Resources */,
				B7387318257D21CC00C4CAC8 /* tetris.gb in Resources */,
				D9723A192583DC2E00AFB3CF /* cpu_op-sp-hl.gb in Resources */,
			);
			runOnlyForDeploymentPostprocessing = 0;
		};
		B733CE8B256EC3930013E8D1 /* Resources */ = {
			isa = PBXResourcesBuildPhase;
			buildActionMask = 2147483647;
			files = (
				D9723A2425862FDA00AFB3CF /* Opcodes.json in Resources */,
			);
			runOnlyForDeploymentPostprocessing = 0;
		};
		B733CE96256EC3930013E8D1 /* Resources */ = {
			isa = PBXResourcesBuildPhase;
			buildActionMask = 2147483647;
			files = (
			);
			runOnlyForDeploymentPostprocessing = 0;
		};
/* End PBXResourcesBuildPhase section */

/* Begin PBXShellScriptBuildPhase section */
		B7FE884025764A4B00695D33 /* Generate ALU Instructions */ = {
			isa = PBXShellScriptBuildPhase;
			buildActionMask = 2147483647;
			files = (
			);
			inputFileListPaths = (
			);
			inputPaths = (
			);
			name = "Generate ALU Instructions";
			outputFileListPaths = (
			);
			outputPaths = (
			);
			runOnlyForDeploymentPostprocessing = 0;
			shellPath = /bin/sh;
			shellScript = "# Type a script or drag a script file from your workspace to insert its path.\nrm ${SRCROOT}/SwiftBoy/Engine/Instruction+Extended.swift\nruby ${SRCROOT}/Scripts/generate_ext_instruction_set.rb > ${SRCROOT}/SwiftBoy/Engine/Instruction+Extended.swift\n";
		};
/* End PBXShellScriptBuildPhase section */

/* Begin PBXSourcesBuildPhase section */
		B733CE72256EC3900013E8D1 /* Sources */ = {
			isa = PBXSourcesBuildPhase;
			buildActionMask = 2147483647;
			files = (
				B733CEF62572C9350013E8D1 /* RAM.swift in Sources */,
				B733CF002572CCFA0013E8D1 /* CPU+ALU.swift in Sources */,
				D91DEAFF2580EDA400590CD5 /* UInt16+String.swift in Sources */,
				B733CEB7256ECFCF0013E8D1 /* UInt16+Bytes.swift in Sources */,
				B7FE881E2574EF2F00695D33 /* Joypad.swift in Sources */,
				B733CEDC257141000013E8D1 /* CPU.swift in Sources */,
				B7FE882F25752DAE00695D33 /* IO.swift in Sources */,
				D91DEAFA257F7AC500590CD5 /* Debugger.swift in Sources */,
				B7FE883925762B4000695D33 /* PPU.swift in Sources */,
				B7FE885D257B7B0100695D33 /* Stopwatch.swift in Sources */,
				B7FE88192574E48300695D33 /* UInt8+Bool.swift in Sources */,
				B733CEC425704F370013E8D1 /* UInt+Bits.swift in Sources */,
				B733CE7C256EC3910013E8D1 /* GameViewController.swift in Sources */,
				B733CF202573A3E10013E8D1 /* ScreenView.swift in Sources */,
				B733CEFB2572C9D90013E8D1 /* Bool+Int.swift in Sources */,
				D91DEB042580EDDE00590CD5 /* UInt8+String.swift in Sources */,
				B7FE880D2573EC7A00695D33 /* ROM.swift in Sources */,
				B7FE884D2577739600695D33 /* Device.swift in Sources */,
				B7FE8875257CCAE600695D33 /* Pixel.swift in Sources */,
				B7FE8862257B873600695D33 /* CircularBuffer.swift in Sources */,
				B7FE88232574EF4A00695D33 /* MemoryTypes.swift in Sources */,
				B733CF0D2572F4E90013E8D1 /* MMU.swift in Sources */,
				B733CEE92572BC600013E8D1 /* Instruction+Extended.swift in Sources */,
				D91DEB092580F21300590CD5 /* DebuggerViewController.swift in Sources */,
				B733CEE425726A350013E8D1 /* Instruction.swift in Sources */,
				B733CE7A256EC3910013E8D1 /* AppDelegate.swift in Sources */,
				B7FE886D257CCAC300695D33 /* TileFetcher.swift in Sources */,
			);
			runOnlyForDeploymentPostprocessing = 0;
		};
		B733CE89256EC3930013E8D1 /* Sources */ = {
			isa = PBXSourcesBuildPhase;
			buildActionMask = 2147483647;
			files = (
				B733CEC9257050680013E8D1 /* UInt+BitsTests.swift in Sources */,
				D9723A2C2586300400AFB3CF /* OpcodesTests.swift in Sources */,
				B733CF082572CD360013E8D1 /* CPU+ALUTests.swift in Sources */,
				B733CEBF256ECFFF0013E8D1 /* UInt16+BytesTests.swift in Sources */,
				B733CE92256EC3930013E8D1 /* SwiftBoyTests.swift in Sources */,
				B7FE8867257B893800695D33 /* CircularBufferTests.swift in Sources */,
			);
			runOnlyForDeploymentPostprocessing = 0;
		};
		B733CE94256EC3930013E8D1 /* Sources */ = {
			isa = PBXSourcesBuildPhase;
			buildActionMask = 2147483647;
			files = (
			);
			runOnlyForDeploymentPostprocessing = 0;
		};
/* End PBXSourcesBuildPhase section */

/* Begin PBXTargetDependency section */
		B733CE8F256EC3930013E8D1 /* PBXTargetDependency */ = {
			isa = PBXTargetDependency;
			target = B733CE75256EC3900013E8D1 /* SwiftBoy */;
			targetProxy = B733CE8E256EC3930013E8D1 /* PBXContainerItemProxy */;
		};
		B733CE9A256EC3930013E8D1 /* PBXTargetDependency */ = {
			isa = PBXTargetDependency;
			target = B733CE75256EC3900013E8D1 /* SwiftBoy */;
			targetProxy = B733CE99256EC3930013E8D1 /* PBXContainerItemProxy */;
		};
/* End PBXTargetDependency section */

/* Begin PBXVariantGroup section */
		B733CE84256EC3930013E8D1 /* Main.storyboard */ = {
			isa = PBXVariantGroup;
			children = (
				B733CE85256EC3930013E8D1 /* Base */,
			);
			name = Main.storyboard;
			sourceTree = "<group>";
		};
/* End PBXVariantGroup section */

/* Begin XCBuildConfiguration section */
		B733CE9F256EC3930013E8D1 /* Debug */ = {
			isa = XCBuildConfiguration;
			buildSettings = {
				ALWAYS_SEARCH_USER_PATHS = NO;
				CLANG_ANALYZER_NONNULL = YES;
				CLANG_ANALYZER_NUMBER_OBJECT_CONVERSION = YES_AGGRESSIVE;
				CLANG_CXX_LANGUAGE_STANDARD = "gnu++14";
				CLANG_CXX_LIBRARY = "libc++";
				CLANG_ENABLE_MODULES = YES;
				CLANG_ENABLE_OBJC_ARC = YES;
				CLANG_ENABLE_OBJC_WEAK = YES;
				CLANG_WARN_BLOCK_CAPTURE_AUTORELEASING = YES;
				CLANG_WARN_BOOL_CONVERSION = YES;
				CLANG_WARN_COMMA = YES;
				CLANG_WARN_CONSTANT_CONVERSION = YES;
				CLANG_WARN_DEPRECATED_OBJC_IMPLEMENTATIONS = YES;
				CLANG_WARN_DIRECT_OBJC_ISA_USAGE = YES_ERROR;
				CLANG_WARN_DOCUMENTATION_COMMENTS = YES;
				CLANG_WARN_EMPTY_BODY = YES;
				CLANG_WARN_ENUM_CONVERSION = YES;
				CLANG_WARN_INFINITE_RECURSION = YES;
				CLANG_WARN_INT_CONVERSION = YES;
				CLANG_WARN_NON_LITERAL_NULL_CONVERSION = YES;
				CLANG_WARN_OBJC_IMPLICIT_RETAIN_SELF = YES;
				CLANG_WARN_OBJC_LITERAL_CONVERSION = YES;
				CLANG_WARN_OBJC_ROOT_CLASS = YES_ERROR;
				CLANG_WARN_QUOTED_INCLUDE_IN_FRAMEWORK_HEADER = YES;
				CLANG_WARN_RANGE_LOOP_ANALYSIS = YES;
				CLANG_WARN_STRICT_PROTOTYPES = YES;
				CLANG_WARN_SUSPICIOUS_MOVE = YES;
				CLANG_WARN_UNGUARDED_AVAILABILITY = YES_AGGRESSIVE;
				CLANG_WARN_UNREACHABLE_CODE = YES;
				CLANG_WARN__DUPLICATE_METHOD_MATCH = YES;
				COPY_PHASE_STRIP = NO;
				DEBUG_INFORMATION_FORMAT = dwarf;
				ENABLE_STRICT_OBJC_MSGSEND = YES;
				ENABLE_TESTABILITY = YES;
				GCC_C_LANGUAGE_STANDARD = gnu11;
				GCC_DYNAMIC_NO_PIC = NO;
				GCC_NO_COMMON_BLOCKS = YES;
				GCC_OPTIMIZATION_LEVEL = 0;
				GCC_PREPROCESSOR_DEFINITIONS = (
					"DEBUG=1",
					"$(inherited)",
				);
				GCC_WARN_64_TO_32_BIT_CONVERSION = YES;
				GCC_WARN_ABOUT_RETURN_TYPE = YES_ERROR;
				GCC_WARN_UNDECLARED_SELECTOR = YES;
				GCC_WARN_UNINITIALIZED_AUTOS = YES_AGGRESSIVE;
				GCC_WARN_UNUSED_FUNCTION = YES;
				GCC_WARN_UNUSED_VARIABLE = YES;
				MACOSX_DEPLOYMENT_TARGET = 10.15;
				MTL_ENABLE_DEBUG_INFO = INCLUDE_SOURCE;
				MTL_FAST_MATH = YES;
				ONLY_ACTIVE_ARCH = YES;
				SDKROOT = macosx;
				SWIFT_ACTIVE_COMPILATION_CONDITIONS = DEBUG;
				SWIFT_OPTIMIZATION_LEVEL = "-Onone";
			};
			name = Debug;
		};
		B733CEA0256EC3930013E8D1 /* Release */ = {
			isa = XCBuildConfiguration;
			buildSettings = {
				ALWAYS_SEARCH_USER_PATHS = NO;
				CLANG_ANALYZER_NONNULL = YES;
				CLANG_ANALYZER_NUMBER_OBJECT_CONVERSION = YES_AGGRESSIVE;
				CLANG_CXX_LANGUAGE_STANDARD = "gnu++14";
				CLANG_CXX_LIBRARY = "libc++";
				CLANG_ENABLE_MODULES = YES;
				CLANG_ENABLE_OBJC_ARC = YES;
				CLANG_ENABLE_OBJC_WEAK = YES;
				CLANG_WARN_BLOCK_CAPTURE_AUTORELEASING = YES;
				CLANG_WARN_BOOL_CONVERSION = YES;
				CLANG_WARN_COMMA = YES;
				CLANG_WARN_CONSTANT_CONVERSION = YES;
				CLANG_WARN_DEPRECATED_OBJC_IMPLEMENTATIONS = YES;
				CLANG_WARN_DIRECT_OBJC_ISA_USAGE = YES_ERROR;
				CLANG_WARN_DOCUMENTATION_COMMENTS = YES;
				CLANG_WARN_EMPTY_BODY = YES;
				CLANG_WARN_ENUM_CONVERSION = YES;
				CLANG_WARN_INFINITE_RECURSION = YES;
				CLANG_WARN_INT_CONVERSION = YES;
				CLANG_WARN_NON_LITERAL_NULL_CONVERSION = YES;
				CLANG_WARN_OBJC_IMPLICIT_RETAIN_SELF = YES;
				CLANG_WARN_OBJC_LITERAL_CONVERSION = YES;
				CLANG_WARN_OBJC_ROOT_CLASS = YES_ERROR;
				CLANG_WARN_QUOTED_INCLUDE_IN_FRAMEWORK_HEADER = YES;
				CLANG_WARN_RANGE_LOOP_ANALYSIS = YES;
				CLANG_WARN_STRICT_PROTOTYPES = YES;
				CLANG_WARN_SUSPICIOUS_MOVE = YES;
				CLANG_WARN_UNGUARDED_AVAILABILITY = YES_AGGRESSIVE;
				CLANG_WARN_UNREACHABLE_CODE = YES;
				CLANG_WARN__DUPLICATE_METHOD_MATCH = YES;
				COPY_PHASE_STRIP = NO;
				DEBUG_INFORMATION_FORMAT = "dwarf-with-dsym";
				ENABLE_NS_ASSERTIONS = NO;
				ENABLE_STRICT_OBJC_MSGSEND = YES;
				GCC_C_LANGUAGE_STANDARD = gnu11;
				GCC_NO_COMMON_BLOCKS = YES;
				GCC_WARN_64_TO_32_BIT_CONVERSION = YES;
				GCC_WARN_ABOUT_RETURN_TYPE = YES_ERROR;
				GCC_WARN_UNDECLARED_SELECTOR = YES;
				GCC_WARN_UNINITIALIZED_AUTOS = YES_AGGRESSIVE;
				GCC_WARN_UNUSED_FUNCTION = YES;
				GCC_WARN_UNUSED_VARIABLE = YES;
				MACOSX_DEPLOYMENT_TARGET = 10.15;
				MTL_ENABLE_DEBUG_INFO = NO;
				MTL_FAST_MATH = YES;
				SDKROOT = macosx;
				SWIFT_COMPILATION_MODE = wholemodule;
				SWIFT_OPTIMIZATION_LEVEL = "-O";
			};
			name = Release;
		};
		B733CEA2256EC3930013E8D1 /* Debug */ = {
			isa = XCBuildConfiguration;
			buildSettings = {
				ASSETCATALOG_COMPILER_APPICON_NAME = AppIcon;
				ASSETCATALOG_COMPILER_GLOBAL_ACCENT_COLOR_NAME = AccentColor;
				CODE_SIGN_ENTITLEMENTS = SwiftBoy/SwiftBoy.entitlements;
				CODE_SIGN_STYLE = Automatic;
				COMBINE_HIDPI_IMAGES = YES;
				INFOPLIST_FILE = SwiftBoy/Info.plist;
				LD_RUNPATH_SEARCH_PATHS = (
					"$(inherited)",
					"@executable_path/../Frameworks",
				);
				PRODUCT_BUNDLE_IDENTIFIER = com.duhanebel.SwiftBoy;
				PRODUCT_NAME = "$(TARGET_NAME)";
				SWIFT_VERSION = 5.0;
			};
			name = Debug;
		};
		B733CEA3256EC3930013E8D1 /* Release */ = {
			isa = XCBuildConfiguration;
			buildSettings = {
				ASSETCATALOG_COMPILER_APPICON_NAME = AppIcon;
				ASSETCATALOG_COMPILER_GLOBAL_ACCENT_COLOR_NAME = AccentColor;
				CODE_SIGN_ENTITLEMENTS = SwiftBoy/SwiftBoy.entitlements;
				CODE_SIGN_STYLE = Automatic;
				COMBINE_HIDPI_IMAGES = YES;
				INFOPLIST_FILE = SwiftBoy/Info.plist;
				LD_RUNPATH_SEARCH_PATHS = (
					"$(inherited)",
					"@executable_path/../Frameworks",
				);
				PRODUCT_BUNDLE_IDENTIFIER = com.duhanebel.SwiftBoy;
				PRODUCT_NAME = "$(TARGET_NAME)";
				SWIFT_VERSION = 5.0;
			};
			name = Release;
		};
		B733CEA5256EC3930013E8D1 /* Debug */ = {
			isa = XCBuildConfiguration;
			buildSettings = {
				ALWAYS_EMBED_SWIFT_STANDARD_LIBRARIES = YES;
				BUNDLE_LOADER = "$(TEST_HOST)";
				CODE_SIGN_STYLE = Automatic;
				COMBINE_HIDPI_IMAGES = YES;
				INFOPLIST_FILE = SwiftBoyTests/Info.plist;
				LD_RUNPATH_SEARCH_PATHS = (
					"$(inherited)",
					"@executable_path/../Frameworks",
					"@loader_path/../Frameworks",
				);
				MACOSX_DEPLOYMENT_TARGET = 10.15;
				PRODUCT_BUNDLE_IDENTIFIER = com.duhanebel.SwiftBoyTests;
				PRODUCT_NAME = "$(TARGET_NAME)";
				SWIFT_VERSION = 5.0;
				TEST_HOST = "$(BUILT_PRODUCTS_DIR)/SwiftBoy.app/Contents/MacOS/SwiftBoy";
			};
			name = Debug;
		};
		B733CEA6256EC3930013E8D1 /* Release */ = {
			isa = XCBuildConfiguration;
			buildSettings = {
				ALWAYS_EMBED_SWIFT_STANDARD_LIBRARIES = YES;
				BUNDLE_LOADER = "$(TEST_HOST)";
				CODE_SIGN_STYLE = Automatic;
				COMBINE_HIDPI_IMAGES = YES;
				INFOPLIST_FILE = SwiftBoyTests/Info.plist;
				LD_RUNPATH_SEARCH_PATHS = (
					"$(inherited)",
					"@executable_path/../Frameworks",
					"@loader_path/../Frameworks",
				);
				MACOSX_DEPLOYMENT_TARGET = 10.15;
				PRODUCT_BUNDLE_IDENTIFIER = com.duhanebel.SwiftBoyTests;
				PRODUCT_NAME = "$(TARGET_NAME)";
				SWIFT_VERSION = 5.0;
				TEST_HOST = "$(BUILT_PRODUCTS_DIR)/SwiftBoy.app/Contents/MacOS/SwiftBoy";
			};
			name = Release;
		};
		B733CEA8256EC3930013E8D1 /* Debug */ = {
			isa = XCBuildConfiguration;
			buildSettings = {
				ALWAYS_EMBED_SWIFT_STANDARD_LIBRARIES = YES;
				CODE_SIGN_STYLE = Automatic;
				COMBINE_HIDPI_IMAGES = YES;
				INFOPLIST_FILE = SwiftBoyUITests/Info.plist;
				LD_RUNPATH_SEARCH_PATHS = (
					"$(inherited)",
					"@executable_path/../Frameworks",
					"@loader_path/../Frameworks",
				);
				PRODUCT_BUNDLE_IDENTIFIER = com.duhanebel.SwiftBoyUITests;
				PRODUCT_NAME = "$(TARGET_NAME)";
				SWIFT_VERSION = 5.0;
				TEST_TARGET_NAME = SwiftBoy;
			};
			name = Debug;
		};
		B733CEA9256EC3930013E8D1 /* Release */ = {
			isa = XCBuildConfiguration;
			buildSettings = {
				ALWAYS_EMBED_SWIFT_STANDARD_LIBRARIES = YES;
				CODE_SIGN_STYLE = Automatic;
				COMBINE_HIDPI_IMAGES = YES;
				INFOPLIST_FILE = SwiftBoyUITests/Info.plist;
				LD_RUNPATH_SEARCH_PATHS = (
					"$(inherited)",
					"@executable_path/../Frameworks",
					"@loader_path/../Frameworks",
				);
				PRODUCT_BUNDLE_IDENTIFIER = com.duhanebel.SwiftBoyUITests;
				PRODUCT_NAME = "$(TARGET_NAME)";
				SWIFT_VERSION = 5.0;
				TEST_TARGET_NAME = SwiftBoy;
			};
			name = Release;
		};
/* End XCBuildConfiguration section */

/* Begin XCConfigurationList section */
		B733CE71256EC3900013E8D1 /* Build configuration list for PBXProject "SwiftBoy" */ = {
			isa = XCConfigurationList;
			buildConfigurations = (
				B733CE9F256EC3930013E8D1 /* Debug */,
				B733CEA0256EC3930013E8D1 /* Release */,
			);
			defaultConfigurationIsVisible = 0;
			defaultConfigurationName = Release;
		};
		B733CEA1256EC3930013E8D1 /* Build configuration list for PBXNativeTarget "SwiftBoy" */ = {
			isa = XCConfigurationList;
			buildConfigurations = (
				B733CEA2256EC3930013E8D1 /* Debug */,
				B733CEA3256EC3930013E8D1 /* Release */,
			);
			defaultConfigurationIsVisible = 0;
			defaultConfigurationName = Release;
		};
		B733CEA4256EC3930013E8D1 /* Build configuration list for PBXNativeTarget "SwiftBoyTests" */ = {
			isa = XCConfigurationList;
			buildConfigurations = (
				B733CEA5256EC3930013E8D1 /* Debug */,
				B733CEA6256EC3930013E8D1 /* Release */,
			);
			defaultConfigurationIsVisible = 0;
			defaultConfigurationName = Release;
		};
		B733CEA7256EC3930013E8D1 /* Build configuration list for PBXNativeTarget "SwiftBoyUITests" */ = {
			isa = XCConfigurationList;
			buildConfigurations = (
				B733CEA8256EC3930013E8D1 /* Debug */,
				B733CEA9256EC3930013E8D1 /* Release */,
			);
			defaultConfigurationIsVisible = 0;
			defaultConfigurationName = Release;
		};
/* End XCConfigurationList section */
	};
	rootObject = B733CE6E256EC3900013E8D1 /* Project object */;
}
